// !$*UTF8*$!
{
	archiveVersion = 1;
	classes = {
	};
	objectVersion = 46;
	objects = {

/* Begin PBXBuildFile section */
		DB105C0F1D26C50600CF994D /* App.swift in Sources */ = {isa = PBXBuildFile; fileRef = DB105BF31D26C50600CF994D /* App.swift */; };
		DB105C101D26C50600CF994D /* NB.swift in Sources */ = {isa = PBXBuildFile; fileRef = DB105BF41D26C50600CF994D /* NB.swift */; };
		DB105C111D26C50600CF994D /* NB+CGGeometry.swift in Sources */ = {isa = PBXBuildFile; fileRef = DB105BF51D26C50600CF994D /* NB+CGGeometry.swift */; };
		DB105C121D26C50600CF994D /* NB+Collection.swift in Sources */ = {isa = PBXBuildFile; fileRef = DB105BF61D26C50600CF994D /* NB+Collection.swift */; };
		DB105C131D26C50600CF994D /* NB+NSError.swift in Sources */ = {isa = PBXBuildFile; fileRef = DB105BF71D26C50600CF994D /* NB+NSError.swift */; };
		DB105C141D26C50600CF994D /* NB+NSNotification.swift in Sources */ = {isa = PBXBuildFile; fileRef = DB105BF81D26C50600CF994D /* NB+NSNotification.swift */; };
		DB105C151D26C50600CF994D /* NB+Number.swift in Sources */ = {isa = PBXBuildFile; fileRef = DB105BF91D26C50600CF994D /* NB+Number.swift */; };
		DB105C161D26C50600CF994D /* NB+String.swift in Sources */ = {isa = PBXBuildFile; fileRef = DB105BFA1D26C50600CF994D /* NB+String.swift */; };
		DB105C171D26C50600CF994D /* NB+UIButton.swift in Sources */ = {isa = PBXBuildFile; fileRef = DB105BFB1D26C50600CF994D /* NB+UIButton.swift */; };
		DB105C181D26C50600CF994D /* NB+UIColor.swift in Sources */ = {isa = PBXBuildFile; fileRef = DB105BFC1D26C50600CF994D /* NB+UIColor.swift */; };
		DB105C191D26C50600CF994D /* NB+UIView.swift in Sources */ = {isa = PBXBuildFile; fileRef = DB105BFD1D26C50600CF994D /* NB+UIView.swift */; };
		DB105C1A1D26C50600CF994D /* NB+UIViewController.swift in Sources */ = {isa = PBXBuildFile; fileRef = DB105BFE1D26C50600CF994D /* NB+UIViewController.swift */; };
		DB105C1B1D26C50600CF994D /* NBCellBackgroundView.swift in Sources */ = {isa = PBXBuildFile; fileRef = DB105BFF1D26C50600CF994D /* NBCellBackgroundView.swift */; };
		DB105C1C1D26C50600CF994D /* NBCellView.swift in Sources */ = {isa = PBXBuildFile; fileRef = DB105C001D26C50600CF994D /* NBCellView.swift */; };
		DB105C1D1D26C50600CF994D /* NBConstraint.swift in Sources */ = {isa = PBXBuildFile; fileRef = DB105C011D26C50600CF994D /* NBConstraint.swift */; };
		DB105C1E1D26C50600CF994D /* NBDate.swift in Sources */ = {isa = PBXBuildFile; fileRef = DB105C021D26C50600CF994D /* NBDate.swift */; };
		DB105C1F1D26C50600CF994D /* NBDialog.swift in Sources */ = {isa = PBXBuildFile; fileRef = DB105C031D26C50600CF994D /* NBDialog.swift */; };
		DB105C201D26C50600CF994D /* NBFile.swift in Sources */ = {isa = PBXBuildFile; fileRef = DB105C041D26C50600CF994D /* NBFile.swift */; };
		DB105C211D26C50600CF994D /* NBHighlightButton.swift in Sources */ = {isa = PBXBuildFile; fileRef = DB105C051D26C50600CF994D /* NBHighlightButton.swift */; };
		DB105C221D26C50600CF994D /* NBLandingViewController.swift in Sources */ = {isa = PBXBuildFile; fileRef = DB105C061D26C50600CF994D /* NBLandingViewController.swift */; };
		DB105C231D26C50600CF994D /* NBLongPressableButton.swift in Sources */ = {isa = PBXBuildFile; fileRef = DB105C071D26C50600CF994D /* NBLongPressableButton.swift */; };
		DB105C241D26C50600CF994D /* NBReflection.swift in Sources */ = {isa = PBXBuildFile; fileRef = DB105C081D26C50600CF994D /* NBReflection.swift */; };
		DB105C251D26C50600CF994D /* NBResult.swift in Sources */ = {isa = PBXBuildFile; fileRef = DB105C091D26C50600CF994D /* NBResult.swift */; };
		DB105C261D26C50600CF994D /* NBStoryboard.swift in Sources */ = {isa = PBXBuildFile; fileRef = DB105C0A1D26C50600CF994D /* NBStoryboard.swift */; };
		DB105C271D26C50600CF994D /* NBTableExternalView.swift in Sources */ = {isa = PBXBuildFile; fileRef = DB105C0B1D26C50600CF994D /* NBTableExternalView.swift */; };
		DB105C281D26C50600CF994D /* NBTextInput.swift in Sources */ = {isa = PBXBuildFile; fileRef = DB105C0C1D26C50600CF994D /* NBTextInput.swift */; };
		DB105C291D26C50600CF994D /* NBTimer.swift in Sources */ = {isa = PBXBuildFile; fileRef = DB105C0D1D26C50600CF994D /* NBTimer.swift */; };
		DB105C2A1D26C50600CF994D /* NBUserDefaults.swift in Sources */ = {isa = PBXBuildFile; fileRef = DB105C0E1D26C50600CF994D /* NBUserDefaults.swift */; };
		DB105C2C1D26C52E00CF994D /* NBThread.swift in Sources */ = {isa = PBXBuildFile; fileRef = DB105C2B1D26C52E00CF994D /* NBThread.swift */; };
		DB6302521D24244900FE2505 /* NeroBlu.h in Headers */ = {isa = PBXBuildFile; fileRef = DB6302511D24244900FE2505 /* NeroBlu.h */; settings = {ATTRIBUTES = (Public, ); }; };
		DB6302561D24244900FE2505 /* NeroBlu.framework in Frameworks */ = {isa = PBXBuildFile; fileRef = DB63024F1D24244900FE2505 /* NeroBlu.framework */; };
		DB6302571D24244900FE2505 /* NeroBlu.framework in Embed Frameworks */ = {isa = PBXBuildFile; fileRef = DB63024F1D24244900FE2505 /* NeroBlu.framework */; settings = {ATTRIBUTES = (CodeSignOnCopy, RemoveHeadersOnCopy, ); }; };
		DB80EE931D2422F3006A44C2 /* AppDelegate.swift in Sources */ = {isa = PBXBuildFile; fileRef = DB80EE921D2422F3006A44C2 /* AppDelegate.swift */; };
		DB80EE951D2422F3006A44C2 /* ViewController.swift in Sources */ = {isa = PBXBuildFile; fileRef = DB80EE941D2422F3006A44C2 /* ViewController.swift */; };
		DB80EE981D2422F3006A44C2 /* Main.storyboard in Resources */ = {isa = PBXBuildFile; fileRef = DB80EE961D2422F3006A44C2 /* Main.storyboard */; };
		DB80EE9A1D2422F3006A44C2 /* Assets.xcassets in Resources */ = {isa = PBXBuildFile; fileRef = DB80EE991D2422F3006A44C2 /* Assets.xcassets */; };
		DB80EE9D1D2422F3006A44C2 /* LaunchScreen.storyboard in Resources */ = {isa = PBXBuildFile; fileRef = DB80EE9B1D2422F3006A44C2 /* LaunchScreen.storyboard */; };
		DBC0EE081D4ADCE1007E3D02 /* NB+Operation.swift in Sources */ = {isa = PBXBuildFile; fileRef = DBC0EE071D4ADCE1007E3D02 /* NB+Operation.swift */; };
		FE96927B1ECB8BF9011DF3DB /* libPods-NeroBluDemo.a in Frameworks */ = {isa = PBXBuildFile; fileRef = 38F7658C20A74D928DE8B472 /* libPods-NeroBluDemo.a */; };
/* End PBXBuildFile section */

/* Begin PBXContainerItemProxy section */
		DB6302541D24244900FE2505 /* PBXContainerItemProxy */ = {
			isa = PBXContainerItemProxy;
			containerPortal = DB80EE871D2422F3006A44C2 /* Project object */;
			proxyType = 1;
			remoteGlobalIDString = DB63024E1D24244900FE2505;
			remoteInfo = NeroBlu;
		};
/* End PBXContainerItemProxy section */

/* Begin PBXCopyFilesBuildPhase section */
		DB63025B1D24244900FE2505 /* Embed Frameworks */ = {
			isa = PBXCopyFilesBuildPhase;
			buildActionMask = 2147483647;
			dstPath = "";
			dstSubfolderSpec = 10;
			files = (
				DB6302571D24244900FE2505 /* NeroBlu.framework in Embed Frameworks */,
			);
			name = "Embed Frameworks";
			runOnlyForDeploymentPostprocessing = 0;
		};
/* End PBXCopyFilesBuildPhase section */

/* Begin PBXFileReference section */
		0D3EE0A7C22F6DBBEBA4E948 /* Pods-NeroBluDemo.debug.xcconfig */ = {isa = PBXFileReference; includeInIndex = 1; lastKnownFileType = text.xcconfig; name = "Pods-NeroBluDemo.debug.xcconfig"; path = "Pods/Target Support Files/Pods-NeroBluDemo/Pods-NeroBluDemo.debug.xcconfig"; sourceTree = "<group>"; };
		38F7658C20A74D928DE8B472 /* libPods-NeroBluDemo.a */ = {isa = PBXFileReference; explicitFileType = archive.ar; includeInIndex = 0; path = "libPods-NeroBluDemo.a"; sourceTree = BUILT_PRODUCTS_DIR; };
		979A682AEFCE0516080C743B /* Pods-NeroBluDemo.release.xcconfig */ = {isa = PBXFileReference; includeInIndex = 1; lastKnownFileType = text.xcconfig; name = "Pods-NeroBluDemo.release.xcconfig"; path = "Pods/Target Support Files/Pods-NeroBluDemo/Pods-NeroBluDemo.release.xcconfig"; sourceTree = "<group>"; };
		DB105BF31D26C50600CF994D /* App.swift */ = {isa = PBXFileReference; fileEncoding = 4; lastKnownFileType = sourcecode.swift; path = App.swift; sourceTree = "<group>"; };
		DB105BF41D26C50600CF994D /* NB.swift */ = {isa = PBXFileReference; fileEncoding = 4; lastKnownFileType = sourcecode.swift; path = NB.swift; sourceTree = "<group>"; };
		DB105BF51D26C50600CF994D /* NB+CGGeometry.swift */ = {isa = PBXFileReference; fileEncoding = 4; lastKnownFileType = sourcecode.swift; path = "NB+CGGeometry.swift"; sourceTree = "<group>"; };
		DB105BF61D26C50600CF994D /* NB+Collection.swift */ = {isa = PBXFileReference; fileEncoding = 4; lastKnownFileType = sourcecode.swift; path = "NB+Collection.swift"; sourceTree = "<group>"; };
		DB105BF71D26C50600CF994D /* NB+NSError.swift */ = {isa = PBXFileReference; fileEncoding = 4; lastKnownFileType = sourcecode.swift; path = "NB+NSError.swift"; sourceTree = "<group>"; };
		DB105BF81D26C50600CF994D /* NB+NSNotification.swift */ = {isa = PBXFileReference; fileEncoding = 4; lastKnownFileType = sourcecode.swift; path = "NB+NSNotification.swift"; sourceTree = "<group>"; };
		DB105BF91D26C50600CF994D /* NB+Number.swift */ = {isa = PBXFileReference; fileEncoding = 4; lastKnownFileType = sourcecode.swift; path = "NB+Number.swift"; sourceTree = "<group>"; };
		DB105BFA1D26C50600CF994D /* NB+String.swift */ = {isa = PBXFileReference; fileEncoding = 4; lastKnownFileType = sourcecode.swift; path = "NB+String.swift"; sourceTree = "<group>"; };
		DB105BFB1D26C50600CF994D /* NB+UIButton.swift */ = {isa = PBXFileReference; fileEncoding = 4; lastKnownFileType = sourcecode.swift; path = "NB+UIButton.swift"; sourceTree = "<group>"; };
		DB105BFC1D26C50600CF994D /* NB+UIColor.swift */ = {isa = PBXFileReference; fileEncoding = 4; lastKnownFileType = sourcecode.swift; path = "NB+UIColor.swift"; sourceTree = "<group>"; };
		DB105BFD1D26C50600CF994D /* NB+UIView.swift */ = {isa = PBXFileReference; fileEncoding = 4; lastKnownFileType = sourcecode.swift; path = "NB+UIView.swift"; sourceTree = "<group>"; };
		DB105BFE1D26C50600CF994D /* NB+UIViewController.swift */ = {isa = PBXFileReference; fileEncoding = 4; lastKnownFileType = sourcecode.swift; path = "NB+UIViewController.swift"; sourceTree = "<group>"; };
		DB105BFF1D26C50600CF994D /* NBCellBackgroundView.swift */ = {isa = PBXFileReference; fileEncoding = 4; lastKnownFileType = sourcecode.swift; path = NBCellBackgroundView.swift; sourceTree = "<group>"; };
		DB105C001D26C50600CF994D /* NBCellView.swift */ = {isa = PBXFileReference; fileEncoding = 4; lastKnownFileType = sourcecode.swift; path = NBCellView.swift; sourceTree = "<group>"; };
		DB105C011D26C50600CF994D /* NBConstraint.swift */ = {isa = PBXFileReference; fileEncoding = 4; lastKnownFileType = sourcecode.swift; path = NBConstraint.swift; sourceTree = "<group>"; };
		DB105C021D26C50600CF994D /* NBDate.swift */ = {isa = PBXFileReference; fileEncoding = 4; lastKnownFileType = sourcecode.swift; path = NBDate.swift; sourceTree = "<group>"; };
		DB105C031D26C50600CF994D /* NBDialog.swift */ = {isa = PBXFileReference; fileEncoding = 4; lastKnownFileType = sourcecode.swift; path = NBDialog.swift; sourceTree = "<group>"; };
		DB105C041D26C50600CF994D /* NBFile.swift */ = {isa = PBXFileReference; fileEncoding = 4; lastKnownFileType = sourcecode.swift; path = NBFile.swift; sourceTree = "<group>"; };
		DB105C051D26C50600CF994D /* NBHighlightButton.swift */ = {isa = PBXFileReference; fileEncoding = 4; lastKnownFileType = sourcecode.swift; path = NBHighlightButton.swift; sourceTree = "<group>"; };
		DB105C061D26C50600CF994D /* NBLandingViewController.swift */ = {isa = PBXFileReference; fileEncoding = 4; lastKnownFileType = sourcecode.swift; path = NBLandingViewController.swift; sourceTree = "<group>"; };
		DB105C071D26C50600CF994D /* NBLongPressableButton.swift */ = {isa = PBXFileReference; fileEncoding = 4; lastKnownFileType = sourcecode.swift; path = NBLongPressableButton.swift; sourceTree = "<group>"; };
		DB105C081D26C50600CF994D /* NBReflection.swift */ = {isa = PBXFileReference; fileEncoding = 4; lastKnownFileType = sourcecode.swift; path = NBReflection.swift; sourceTree = "<group>"; };
		DB105C091D26C50600CF994D /* NBResult.swift */ = {isa = PBXFileReference; fileEncoding = 4; lastKnownFileType = sourcecode.swift; path = NBResult.swift; sourceTree = "<group>"; };
		DB105C0A1D26C50600CF994D /* NBStoryboard.swift */ = {isa = PBXFileReference; fileEncoding = 4; lastKnownFileType = sourcecode.swift; path = NBStoryboard.swift; sourceTree = "<group>"; };
		DB105C0B1D26C50600CF994D /* NBTableExternalView.swift */ = {isa = PBXFileReference; fileEncoding = 4; lastKnownFileType = sourcecode.swift; path = NBTableExternalView.swift; sourceTree = "<group>"; };
		DB105C0C1D26C50600CF994D /* NBTextInput.swift */ = {isa = PBXFileReference; fileEncoding = 4; lastKnownFileType = sourcecode.swift; path = NBTextInput.swift; sourceTree = "<group>"; };
		DB105C0D1D26C50600CF994D /* NBTimer.swift */ = {isa = PBXFileReference; fileEncoding = 4; lastKnownFileType = sourcecode.swift; path = NBTimer.swift; sourceTree = "<group>"; };
		DB105C0E1D26C50600CF994D /* NBUserDefaults.swift */ = {isa = PBXFileReference; fileEncoding = 4; lastKnownFileType = sourcecode.swift; path = NBUserDefaults.swift; sourceTree = "<group>"; };
		DB105C2B1D26C52E00CF994D /* NBThread.swift */ = {isa = PBXFileReference; fileEncoding = 4; lastKnownFileType = sourcecode.swift; path = NBThread.swift; sourceTree = "<group>"; };
		DB63024F1D24244900FE2505 /* NeroBlu.framework */ = {isa = PBXFileReference; explicitFileType = wrapper.framework; includeInIndex = 0; path = NeroBlu.framework; sourceTree = BUILT_PRODUCTS_DIR; };
		DB6302511D24244900FE2505 /* NeroBlu.h */ = {isa = PBXFileReference; lastKnownFileType = sourcecode.c.h; path = NeroBlu.h; sourceTree = "<group>"; };
		DB6302531D24244900FE2505 /* Info.plist */ = {isa = PBXFileReference; lastKnownFileType = text.plist.xml; path = Info.plist; sourceTree = "<group>"; };
		DB80EE8F1D2422F3006A44C2 /* NeroBluDemo.app */ = {isa = PBXFileReference; explicitFileType = wrapper.application; includeInIndex = 0; path = NeroBluDemo.app; sourceTree = BUILT_PRODUCTS_DIR; };
		DB80EE921D2422F3006A44C2 /* AppDelegate.swift */ = {isa = PBXFileReference; lastKnownFileType = sourcecode.swift; path = AppDelegate.swift; sourceTree = "<group>"; };
		DB80EE941D2422F3006A44C2 /* ViewController.swift */ = {isa = PBXFileReference; lastKnownFileType = sourcecode.swift; path = ViewController.swift; sourceTree = "<group>"; };
		DB80EE971D2422F3006A44C2 /* Base */ = {isa = PBXFileReference; lastKnownFileType = file.storyboard; name = Base; path = Base.lproj/Main.storyboard; sourceTree = "<group>"; };
		DB80EE991D2422F3006A44C2 /* Assets.xcassets */ = {isa = PBXFileReference; lastKnownFileType = folder.assetcatalog; path = Assets.xcassets; sourceTree = "<group>"; };
		DB80EE9C1D2422F3006A44C2 /* Base */ = {isa = PBXFileReference; lastKnownFileType = file.storyboard; name = Base; path = Base.lproj/LaunchScreen.storyboard; sourceTree = "<group>"; };
		DB80EE9E1D2422F3006A44C2 /* Info.plist */ = {isa = PBXFileReference; lastKnownFileType = text.plist.xml; path = Info.plist; sourceTree = "<group>"; };
		DBC0EE071D4ADCE1007E3D02 /* NB+Operation.swift */ = {isa = PBXFileReference; fileEncoding = 4; lastKnownFileType = sourcecode.swift; path = "NB+Operation.swift"; sourceTree = "<group>"; };
/* End PBXFileReference section */

/* Begin PBXFrameworksBuildPhase section */
		DB63024B1D24244900FE2505 /* Frameworks */ = {
			isa = PBXFrameworksBuildPhase;
			buildActionMask = 2147483647;
			files = (
			);
			runOnlyForDeploymentPostprocessing = 0;
		};
		DB80EE8C1D2422F3006A44C2 /* Frameworks */ = {
			isa = PBXFrameworksBuildPhase;
			buildActionMask = 2147483647;
			files = (
				DB6302561D24244900FE2505 /* NeroBlu.framework in Frameworks */,
				FE96927B1ECB8BF9011DF3DB /* libPods-NeroBluDemo.a in Frameworks */,
			);
			runOnlyForDeploymentPostprocessing = 0;
		};
/* End PBXFrameworksBuildPhase section */

/* Begin PBXGroup section */
		2617FE476E499178785157BC /* Pods */ = {
			isa = PBXGroup;
			children = (
				0D3EE0A7C22F6DBBEBA4E948 /* Pods-NeroBluDemo.debug.xcconfig */,
				979A682AEFCE0516080C743B /* Pods-NeroBluDemo.release.xcconfig */,
			);
			name = Pods;
			sourceTree = "<group>";
		};
		BDD0306164EE8F60CA82B1B9 /* Frameworks */ = {
			isa = PBXGroup;
			children = (
				38F7658C20A74D928DE8B472 /* libPods-NeroBluDemo.a */,
			);
			name = Frameworks;
			sourceTree = "<group>";
		};
		DB6302501D24244900FE2505 /* NeroBlu */ = {
			isa = PBXGroup;
			children = (
				DB105BF31D26C50600CF994D /* App.swift */,
				DB105BF41D26C50600CF994D /* NB.swift */,
				DB105BF51D26C50600CF994D /* NB+CGGeometry.swift */,
				DB105BF61D26C50600CF994D /* NB+Collection.swift */,
				DB105BF71D26C50600CF994D /* NB+NSError.swift */,
				DB105BF81D26C50600CF994D /* NB+NSNotification.swift */,
				DB105BF91D26C50600CF994D /* NB+Number.swift */,
				DBC0EE071D4ADCE1007E3D02 /* NB+Operation.swift */,
				DB105BFA1D26C50600CF994D /* NB+String.swift */,
				DB105BFB1D26C50600CF994D /* NB+UIButton.swift */,
				DB105BFC1D26C50600CF994D /* NB+UIColor.swift */,
				DB105BFD1D26C50600CF994D /* NB+UIView.swift */,
				DB105BFE1D26C50600CF994D /* NB+UIViewController.swift */,
				DB105BFF1D26C50600CF994D /* NBCellBackgroundView.swift */,
				DB105C001D26C50600CF994D /* NBCellView.swift */,
				DB105C011D26C50600CF994D /* NBConstraint.swift */,
				DB105C021D26C50600CF994D /* NBDate.swift */,
				DB105C031D26C50600CF994D /* NBDialog.swift */,
				DB105C041D26C50600CF994D /* NBFile.swift */,
				DB105C051D26C50600CF994D /* NBHighlightButton.swift */,
				DB105C061D26C50600CF994D /* NBLandingViewController.swift */,
				DB105C071D26C50600CF994D /* NBLongPressableButton.swift */,
				DB105C081D26C50600CF994D /* NBReflection.swift */,
				DB105C091D26C50600CF994D /* NBResult.swift */,
				DB105C0A1D26C50600CF994D /* NBStoryboard.swift */,
				DB105C0B1D26C50600CF994D /* NBTableExternalView.swift */,
				DB105C0C1D26C50600CF994D /* NBTextInput.swift */,
				DB105C2B1D26C52E00CF994D /* NBThread.swift */,
				DB105C0D1D26C50600CF994D /* NBTimer.swift */,
				DB105C0E1D26C50600CF994D /* NBUserDefaults.swift */,
				DB6302511D24244900FE2505 /* NeroBlu.h */,
				DB6302531D24244900FE2505 /* Info.plist */,
			);
			path = NeroBlu;
			sourceTree = "<group>";
		};
		DB80EE861D2422F3006A44C2 = {
			isa = PBXGroup;
			children = (
				DB80EE911D2422F3006A44C2 /* NeroBluDemo */,
				DB6302501D24244900FE2505 /* NeroBlu */,
				DB80EE901D2422F3006A44C2 /* Products */,
				2617FE476E499178785157BC /* Pods */,
				BDD0306164EE8F60CA82B1B9 /* Frameworks */,
			);
			sourceTree = "<group>";
		};
		DB80EE901D2422F3006A44C2 /* Products */ = {
			isa = PBXGroup;
			children = (
				DB80EE8F1D2422F3006A44C2 /* NeroBluDemo.app */,
				DB63024F1D24244900FE2505 /* NeroBlu.framework */,
			);
			name = Products;
			sourceTree = "<group>";
		};
		DB80EE911D2422F3006A44C2 /* NeroBluDemo */ = {
			isa = PBXGroup;
			children = (
				DB80EE921D2422F3006A44C2 /* AppDelegate.swift */,
				DB80EE941D2422F3006A44C2 /* ViewController.swift */,
				DB80EE961D2422F3006A44C2 /* Main.storyboard */,
				DB80EE991D2422F3006A44C2 /* Assets.xcassets */,
				DB80EE9B1D2422F3006A44C2 /* LaunchScreen.storyboard */,
				DB80EE9E1D2422F3006A44C2 /* Info.plist */,
			);
			path = NeroBluDemo;
			sourceTree = "<group>";
		};
/* End PBXGroup section */

/* Begin PBXHeadersBuildPhase section */
		DB63024C1D24244900FE2505 /* Headers */ = {
			isa = PBXHeadersBuildPhase;
			buildActionMask = 2147483647;
			files = (
				DB6302521D24244900FE2505 /* NeroBlu.h in Headers */,
			);
			runOnlyForDeploymentPostprocessing = 0;
		};
/* End PBXHeadersBuildPhase section */

/* Begin PBXNativeTarget section */
		DB63024E1D24244900FE2505 /* NeroBlu */ = {
			isa = PBXNativeTarget;
			buildConfigurationList = DB63025A1D24244900FE2505 /* Build configuration list for PBXNativeTarget "NeroBlu" */;
			buildPhases = (
				DB63024A1D24244900FE2505 /* Sources */,
				DB63024B1D24244900FE2505 /* Frameworks */,
				DB63024C1D24244900FE2505 /* Headers */,
				DB63024D1D24244900FE2505 /* Resources */,
			);
			buildRules = (
			);
			dependencies = (
			);
			name = NeroBlu;
			productName = NeroBlu;
			productReference = DB63024F1D24244900FE2505 /* NeroBlu.framework */;
			productType = "com.apple.product-type.framework";
		};
		DB80EE8E1D2422F3006A44C2 /* NeroBluDemo */ = {
			isa = PBXNativeTarget;
			buildConfigurationList = DB80EEA11D2422F3006A44C2 /* Build configuration list for PBXNativeTarget "NeroBluDemo" */;
			buildPhases = (
				B95DE90B68A7000DA392B470 /* [CP] Check Pods Manifest.lock */,
				DB80EE8B1D2422F3006A44C2 /* Sources */,
				DB80EE8C1D2422F3006A44C2 /* Frameworks */,
				DB80EE8D1D2422F3006A44C2 /* Resources */,
				DB63025B1D24244900FE2505 /* Embed Frameworks */,
				E47F31F4C8E3A184064079F0 /* [CP] Embed Pods Frameworks */,
				E1AEECC8BF7EDB0C3B0D70E3 /* [CP] Copy Pods Resources */,
			);
			buildRules = (
			);
			dependencies = (
				DB6302551D24244900FE2505 /* PBXTargetDependency */,
			);
			name = NeroBluDemo;
			productName = NeroBluDemo;
			productReference = DB80EE8F1D2422F3006A44C2 /* NeroBluDemo.app */;
			productType = "com.apple.product-type.application";
		};
/* End PBXNativeTarget section */

/* Begin PBXProject section */
		DB80EE871D2422F3006A44C2 /* Project object */ = {
			isa = PBXProject;
			attributes = {
				LastSwiftUpdateCheck = 0730;
				LastUpgradeCheck = 0810;
				ORGANIZATIONNAME = "yuichi.nakayasu@gmail.com";
				TargetAttributes = {
					DB63024E1D24244900FE2505 = {
						CreatedOnToolsVersion = 7.3.1;
						LastSwiftMigration = 0810;
					};
					DB80EE8E1D2422F3006A44C2 = {
						CreatedOnToolsVersion = 7.3.1;
						DevelopmentTeam = K34EDB356P;
						LastSwiftMigration = 0810;
					};
				};
			};
			buildConfigurationList = DB80EE8A1D2422F3006A44C2 /* Build configuration list for PBXProject "NeroBluDemo" */;
			compatibilityVersion = "Xcode 3.2";
			developmentRegion = English;
			hasScannedForEncodings = 0;
			knownRegions = (
				en,
				Base,
			);
			mainGroup = DB80EE861D2422F3006A44C2;
			productRefGroup = DB80EE901D2422F3006A44C2 /* Products */;
			projectDirPath = "";
			projectRoot = "";
			targets = (
				DB80EE8E1D2422F3006A44C2 /* NeroBluDemo */,
				DB63024E1D24244900FE2505 /* NeroBlu */,
			);
		};
/* End PBXProject section */

/* Begin PBXResourcesBuildPhase section */
		DB63024D1D24244900FE2505 /* Resources */ = {
			isa = PBXResourcesBuildPhase;
			buildActionMask = 2147483647;
			files = (
			);
			runOnlyForDeploymentPostprocessing = 0;
		};
		DB80EE8D1D2422F3006A44C2 /* Resources */ = {
			isa = PBXResourcesBuildPhase;
			buildActionMask = 2147483647;
			files = (
				DB80EE9D1D2422F3006A44C2 /* LaunchScreen.storyboard in Resources */,
				DB80EE9A1D2422F3006A44C2 /* Assets.xcassets in Resources */,
				DB80EE981D2422F3006A44C2 /* Main.storyboard in Resources */,
			);
			runOnlyForDeploymentPostprocessing = 0;
		};
/* End PBXResourcesBuildPhase section */

/* Begin PBXShellScriptBuildPhase section */
		B95DE90B68A7000DA392B470 /* [CP] Check Pods Manifest.lock */ = {
			isa = PBXShellScriptBuildPhase;
			buildActionMask = 2147483647;
			files = (
			);
			inputPaths = (
			);
			name = "[CP] Check Pods Manifest.lock";
			outputPaths = (
			);
			runOnlyForDeploymentPostprocessing = 0;
			shellPath = /bin/sh;
			shellScript = "diff \"${PODS_ROOT}/../Podfile.lock\" \"${PODS_ROOT}/Manifest.lock\" > /dev/null\nif [ $? != 0 ] ; then\n    # print error to STDERR\n    echo \"error: The sandbox is not in sync with the Podfile.lock. Run 'pod install' or update your CocoaPods installation.\" >&2\n    exit 1\nfi\n";
			showEnvVarsInLog = 0;
		};
		E1AEECC8BF7EDB0C3B0D70E3 /* [CP] Copy Pods Resources */ = {
			isa = PBXShellScriptBuildPhase;
			buildActionMask = 2147483647;
			files = (
			);
			inputPaths = (
			);
			name = "[CP] Copy Pods Resources";
			outputPaths = (
			);
			runOnlyForDeploymentPostprocessing = 0;
			shellPath = /bin/sh;
			shellScript = "\"${SRCROOT}/Pods/Target Support Files/Pods-NeroBluDemo/Pods-NeroBluDemo-resources.sh\"\n";
			showEnvVarsInLog = 0;
		};
		E47F31F4C8E3A184064079F0 /* [CP] Embed Pods Frameworks */ = {
			isa = PBXShellScriptBuildPhase;
			buildActionMask = 2147483647;
			files = (
			);
			inputPaths = (
			);
			name = "[CP] Embed Pods Frameworks";
			outputPaths = (
			);
			runOnlyForDeploymentPostprocessing = 0;
			shellPath = /bin/sh;
			shellScript = "\"${SRCROOT}/Pods/Target Support Files/Pods-NeroBluDemo/Pods-NeroBluDemo-frameworks.sh\"\n";
			showEnvVarsInLog = 0;
		};
/* End PBXShellScriptBuildPhase section */

/* Begin PBXSourcesBuildPhase section */
		DB63024A1D24244900FE2505 /* Sources */ = {
			isa = PBXSourcesBuildPhase;
			buildActionMask = 2147483647;
			files = (
				DB105C0F1D26C50600CF994D /* App.swift in Sources */,
				DB105C101D26C50600CF994D /* NB.swift in Sources */,
				DB105C251D26C50600CF994D /* NBResult.swift in Sources */,
				DB105C241D26C50600CF994D /* NBReflection.swift in Sources */,
				DB105C161D26C50600CF994D /* NB+String.swift in Sources */,
				DB105C151D26C50600CF994D /* NB+Number.swift in Sources */,
				DB105C121D26C50600CF994D /* NB+Collection.swift in Sources */,
				DB105C111D26C50600CF994D /* NB+CGGeometry.swift in Sources */,
				DB105C181D26C50600CF994D /* NB+UIColor.swift in Sources */,
				DBC0EE081D4ADCE1007E3D02 /* NB+Operation.swift in Sources */,
				DB105C141D26C50600CF994D /* NB+NSNotification.swift in Sources */,
				DB105C131D26C50600CF994D /* NB+NSError.swift in Sources */,
				DB105C191D26C50600CF994D /* NB+UIView.swift in Sources */,
				DB105C171D26C50600CF994D /* NB+UIButton.swift in Sources */,
				DB105C1A1D26C50600CF994D /* NB+UIViewController.swift in Sources */,
				DB105C2C1D26C52E00CF994D /* NBThread.swift in Sources */,
				DB105C201D26C50600CF994D /* NBFile.swift in Sources */,
				DB105C1E1D26C50600CF994D /* NBDate.swift in Sources */,
				DB105C2A1D26C50600CF994D /* NBUserDefaults.swift in Sources */,
				DB105C1F1D26C50600CF994D /* NBDialog.swift in Sources */,
				DB105C291D26C50600CF994D /* NBTimer.swift in Sources */,
				DB105C1D1D26C50600CF994D /* NBConstraint.swift in Sources */,
				DB105C261D26C50600CF994D /* NBStoryboard.swift in Sources */,
				DB105C281D26C50600CF994D /* NBTextInput.swift in Sources */,
				DB105C211D26C50600CF994D /* NBHighlightButton.swift in Sources */,
				DB105C231D26C50600CF994D /* NBLongPressableButton.swift in Sources */,
				DB105C1C1D26C50600CF994D /* NBCellView.swift in Sources */,
				DB105C1B1D26C50600CF994D /* NBCellBackgroundView.swift in Sources */,
				DB105C271D26C50600CF994D /* NBTableExternalView.swift in Sources */,
				DB105C221D26C50600CF994D /* NBLandingViewController.swift in Sources */,
			);
			runOnlyForDeploymentPostprocessing = 0;
		};
		DB80EE8B1D2422F3006A44C2 /* Sources */ = {
			isa = PBXSourcesBuildPhase;
			buildActionMask = 2147483647;
			files = (
				DB80EE951D2422F3006A44C2 /* ViewController.swift in Sources */,
				DB80EE931D2422F3006A44C2 /* AppDelegate.swift in Sources */,
			);
			runOnlyForDeploymentPostprocessing = 0;
		};
/* End PBXSourcesBuildPhase section */

/* Begin PBXTargetDependency section */
		DB6302551D24244900FE2505 /* PBXTargetDependency */ = {
			isa = PBXTargetDependency;
			target = DB63024E1D24244900FE2505 /* NeroBlu */;
			targetProxy = DB6302541D24244900FE2505 /* PBXContainerItemProxy */;
		};
/* End PBXTargetDependency section */

/* Begin PBXVariantGroup section */
		DB80EE961D2422F3006A44C2 /* Main.storyboard */ = {
			isa = PBXVariantGroup;
			children = (
				DB80EE971D2422F3006A44C2 /* Base */,
			);
			name = Main.storyboard;
			sourceTree = "<group>";
		};
		DB80EE9B1D2422F3006A44C2 /* LaunchScreen.storyboard */ = {
			isa = PBXVariantGroup;
			children = (
				DB80EE9C1D2422F3006A44C2 /* Base */,
			);
			name = LaunchScreen.storyboard;
			sourceTree = "<group>";
		};
/* End PBXVariantGroup section */

/* Begin XCBuildConfiguration section */
		DB6302581D24244900FE2505 /* Debug */ = {
			isa = XCBuildConfiguration;
			buildSettings = {
				CLANG_ENABLE_MODULES = YES;
				"CODE_SIGN_IDENTITY[sdk=iphoneos*]" = "";
				CURRENT_PROJECT_VERSION = 1;
				DEFINES_MODULE = YES;
				DYLIB_COMPATIBILITY_VERSION = 1;
				DYLIB_CURRENT_VERSION = 1;
				DYLIB_INSTALL_NAME_BASE = "@rpath";
				INFOPLIST_FILE = NeroBlu/Info.plist;
				INSTALL_PATH = "$(LOCAL_LIBRARY_DIR)/Frameworks";
				LD_RUNPATH_SEARCH_PATHS = "$(inherited) @executable_path/Frameworks @loader_path/Frameworks";
				PRODUCT_BUNDLE_IDENTIFIER = com.neroblu.ios.libs.NeroBlu;
				PRODUCT_NAME = "$(TARGET_NAME)";
				SKIP_INSTALL = YES;
				SWIFT_OPTIMIZATION_LEVEL = "-Onone";
				SWIFT_VERSION = 3.0;
				TARGETED_DEVICE_FAMILY = "1,2";
				VERSIONING_SYSTEM = "apple-generic";
				VERSION_INFO_PREFIX = "";
			};
			name = Debug;
		};
		DB6302591D24244900FE2505 /* Release */ = {
			isa = XCBuildConfiguration;
			buildSettings = {
				CLANG_ENABLE_MODULES = YES;
				"CODE_SIGN_IDENTITY[sdk=iphoneos*]" = "";
				CURRENT_PROJECT_VERSION = 1;
				DEFINES_MODULE = YES;
				DYLIB_COMPATIBILITY_VERSION = 1;
				DYLIB_CURRENT_VERSION = 1;
				DYLIB_INSTALL_NAME_BASE = "@rpath";
				INFOPLIST_FILE = NeroBlu/Info.plist;
				INSTALL_PATH = "$(LOCAL_LIBRARY_DIR)/Frameworks";
				LD_RUNPATH_SEARCH_PATHS = "$(inherited) @executable_path/Frameworks @loader_path/Frameworks";
				PRODUCT_BUNDLE_IDENTIFIER = com.neroblu.ios.libs.NeroBlu;
				PRODUCT_NAME = "$(TARGET_NAME)";
				SKIP_INSTALL = YES;
				SWIFT_VERSION = 3.0;
				TARGETED_DEVICE_FAMILY = "1,2";
				VERSIONING_SYSTEM = "apple-generic";
				VERSION_INFO_PREFIX = "";
			};
			name = Release;
		};
		DB80EE9F1D2422F3006A44C2 /* Debug */ = {
			isa = XCBuildConfiguration;
			buildSettings = {
				ALWAYS_SEARCH_USER_PATHS = NO;
				CLANG_ANALYZER_NONNULL = YES;
				CLANG_CXX_LANGUAGE_STANDARD = "gnu++0x";
				CLANG_CXX_LIBRARY = "libc++";
				CLANG_ENABLE_MODULES = YES;
				CLANG_ENABLE_OBJC_ARC = YES;
				CLANG_WARN_BOOL_CONVERSION = YES;
				CLANG_WARN_CONSTANT_CONVERSION = YES;
				CLANG_WARN_DIRECT_OBJC_ISA_USAGE = YES_ERROR;
				CLANG_WARN_EMPTY_BODY = YES;
				CLANG_WARN_ENUM_CONVERSION = YES;
				CLANG_WARN_INFINITE_RECURSION = YES;
				CLANG_WARN_INT_CONVERSION = YES;
				CLANG_WARN_OBJC_ROOT_CLASS = YES_ERROR;
				CLANG_WARN_SUSPICIOUS_MOVE = YES;
				CLANG_WARN_UNREACHABLE_CODE = YES;
				CLANG_WARN__DUPLICATE_METHOD_MATCH = YES;
				"CODE_SIGN_IDENTITY[sdk=iphoneos*]" = "iPhone Developer";
				COPY_PHASE_STRIP = NO;
				DEBUG_INFORMATION_FORMAT = dwarf;
				ENABLE_STRICT_OBJC_MSGSEND = YES;
				ENABLE_TESTABILITY = YES;
				GCC_C_LANGUAGE_STANDARD = gnu99;
				GCC_DYNAMIC_NO_PIC = NO;
				GCC_NO_COMMON_BLOCKS = YES;
				GCC_OPTIMIZATION_LEVEL = 0;
				GCC_PREPROCESSOR_DEFINITIONS = (
					"DEBUG=1",
					"$(inherited)",
				);
				GCC_WARN_64_TO_32_BIT_CONVERSION = YES;
				GCC_WARN_ABOUT_RETURN_TYPE = YES_ERROR;
				GCC_WARN_UNDECLARED_SELECTOR = YES;
				GCC_WARN_UNINITIALIZED_AUTOS = YES_AGGRESSIVE;
				GCC_WARN_UNUSED_FUNCTION = YES;
				GCC_WARN_UNUSED_VARIABLE = YES;
				IPHONEOS_DEPLOYMENT_TARGET = 9.3;
				MTL_ENABLE_DEBUG_INFO = YES;
				ONLY_ACTIVE_ARCH = YES;
				SDKROOT = iphoneos;
				SWIFT_OPTIMIZATION_LEVEL = "-Onone";
			};
			name = Debug;
		};
		DB80EEA01D2422F3006A44C2 /* Release */ = {
			isa = XCBuildConfiguration;
			buildSettings = {
				ALWAYS_SEARCH_USER_PATHS = NO;
				CLANG_ANALYZER_NONNULL = YES;
				CLANG_CXX_LANGUAGE_STANDARD = "gnu++0x";
				CLANG_CXX_LIBRARY = "libc++";
				CLANG_ENABLE_MODULES = YES;
				CLANG_ENABLE_OBJC_ARC = YES;
				CLANG_WARN_BOOL_CONVERSION = YES;
				CLANG_WARN_CONSTANT_CONVERSION = YES;
				CLANG_WARN_DIRECT_OBJC_ISA_USAGE = YES_ERROR;
				CLANG_WARN_EMPTY_BODY = YES;
				CLANG_WARN_ENUM_CONVERSION = YES;
				CLANG_WARN_INFINITE_RECURSION = YES;
				CLANG_WARN_INT_CONVERSION = YES;
				CLANG_WARN_OBJC_ROOT_CLASS = YES_ERROR;
				CLANG_WARN_SUSPICIOUS_MOVE = YES;
				CLANG_WARN_UNREACHABLE_CODE = YES;
				CLANG_WARN__DUPLICATE_METHOD_MATCH = YES;
				"CODE_SIGN_IDENTITY[sdk=iphoneos*]" = "iPhone Developer";
				COPY_PHASE_STRIP = NO;
				DEBUG_INFORMATION_FORMAT = "dwarf-with-dsym";
				ENABLE_NS_ASSERTIONS = NO;
				ENABLE_STRICT_OBJC_MSGSEND = YES;
				GCC_C_LANGUAGE_STANDARD = gnu99;
				GCC_NO_COMMON_BLOCKS = YES;
				GCC_WARN_64_TO_32_BIT_CONVERSION = YES;
				GCC_WARN_ABOUT_RETURN_TYPE = YES_ERROR;
				GCC_WARN_UNDECLARED_SELECTOR = YES;
				GCC_WARN_UNINITIALIZED_AUTOS = YES_AGGRESSIVE;
				GCC_WARN_UNUSED_FUNCTION = YES;
				GCC_WARN_UNUSED_VARIABLE = YES;
				IPHONEOS_DEPLOYMENT_TARGET = 9.3;
				MTL_ENABLE_DEBUG_INFO = NO;
				SDKROOT = iphoneos;
				SWIFT_OPTIMIZATION_LEVEL = "-Owholemodule";
				VALIDATE_PRODUCT = YES;
			};
			name = Release;
		};
		DB80EEA21D2422F3006A44C2 /* Debug */ = {
			isa = XCBuildConfiguration;
			baseConfigurationReference = 0D3EE0A7C22F6DBBEBA4E948 /* Pods-NeroBluDemo.debug.xcconfig */;
			buildSettings = {
				ALWAYS_EMBED_SWIFT_STANDARD_LIBRARIES = YES;
				ASSETCATALOG_COMPILER_APPICON_NAME = AppIcon;
				DEVELOPMENT_TEAM = K34EDB356P;
				INFOPLIST_FILE = NeroBluDemo/Info.plist;
				LD_RUNPATH_SEARCH_PATHS = "$(inherited) @executable_path/Frameworks";
				PRODUCT_BUNDLE_IDENTIFIER = com.neroblu.ios.libs.NeroBluDemo;
				PRODUCT_NAME = "$(TARGET_NAME)";
				SWIFT_VERSION = 3.0;
			};
			name = Debug;
		};
		DB80EEA31D2422F3006A44C2 /* Release */ = {
			isa = XCBuildConfiguration;
			baseConfigurationReference = 979A682AEFCE0516080C743B /* Pods-NeroBluDemo.release.xcconfig */;
			buildSettings = {
				ALWAYS_EMBED_SWIFT_STANDARD_LIBRARIES = YES;
				ASSETCATALOG_COMPILER_APPICON_NAME = AppIcon;
				DEVELOPMENT_TEAM = K34EDB356P;
				INFOPLIST_FILE = NeroBluDemo/Info.plist;
				LD_RUNPATH_SEARCH_PATHS = "$(inherited) @executable_path/Frameworks";
				PRODUCT_BUNDLE_IDENTIFIER = com.neroblu.ios.libs.NeroBluDemo;
				PRODUCT_NAME = "$(TARGET_NAME)";
				SWIFT_VERSION = 3.0;
			};
			name = Release;
		};
/* End XCBuildConfiguration section */

/* Begin XCConfigurationList section */
		DB63025A1D24244900FE2505 /* Build configuration list for PBXNativeTarget "NeroBlu" */ = {
			isa = XCConfigurationList;
			buildConfigurations = (
				DB6302581D24244900FE2505 /* Debug */,
				DB6302591D24244900FE2505 /* Release */,
			);
			defaultConfigurationIsVisible = 0;
			defaultConfigurationName = Release;
		};
		DB80EE8A1D2422F3006A44C2 /* Build configuration list for PBXProject "NeroBluDemo" */ = {
			isa = XCConfigurationList;
			buildConfigurations = (
				DB80EE9F1D2422F3006A44C2 /* Debug */,
				DB80EEA01D2422F3006A44C2 /* Release */,
			);
			defaultConfigurationIsVisible = 0;
			defaultConfigurationName = Release;
		};
		DB80EEA11D2422F3006A44C2 /* Build configuration list for PBXNativeTarget "NeroBluDemo" */ = {
			isa = XCConfigurationList;
			buildConfigurations = (
				DB80EEA21D2422F3006A44C2 /* Debug */,
				DB80EEA31D2422F3006A44C2 /* Release */,
			);
			defaultConfigurationIsVisible = 0;
			defaultConfigurationName = Release;
		};
/* End XCConfigurationList section */
	};
	rootObject = DB80EE871D2422F3006A44C2 /* Project object */;
}
